
Microsoft Visual Studio Solution File, Format Version 12.00
# Visual Studio 14
VisualStudioVersion = 14.0.25420.1
MinimumVisualStudioVersion = 10.0.40219.1
Project("{FAE04EC0-301F-11D3-BF4B-00C04F79EFBC}") = "Academy_Forms_Proj", "Academy_Forms_Proj\Academy_Forms_Proj.csproj", "{C2319888-22E2-4320-9236-D272C11B2519}"
EndProject
Project("{FAE04EC0-301F-11D3-BF4B-00C04F79EFBC}") = "DataLayer", "..\Repositories\AcademyProject\ConsoleApplication1\DataLayer\DataLayer.csproj", "{9EC7E979-E0BB-42D2-8B12-391CF2D3DCC5}"
EndProject
Project("{FAE04EC0-301F-11D3-BF4B-00C04F79EFBC}") = "EntityDB", "EntityDB\EntityDB.csproj", "{1AB6C911-0196-4ECF-827A-7D151441340E}"
EndProject
Global
	GlobalSection(SolutionConfigurationPlatforms) = preSolution
		Debug|Any CPU = Debug|Any CPU
		Release|Any CPU = Release|Any CPU
	EndGlobalSection
	GlobalSection(ProjectConfigurationPlatforms) = postSolution
		{C2319888-22E2-4320-9236-D272C11B2519}.Debug|Any CPU.ActiveCfg = Debug|Any CPU
		{C2319888-22E2-4320-9236-D272C11B2519}.Debug|Any CPU.Build.0 = Debug|Any CPU
		{C2319888-22E2-4320-9236-D272C11B2519}.Release|Any CPU.ActiveCfg = Release|Any CPU
		{C2319888-22E2-4320-9236-D272C11B2519}.Release|Any CPU.Build.0 = Release|Any CPU
		{9EC7E979-E0BB-42D2-8B12-391CF2D3DCC5}.Debug|Any CPU.ActiveCfg = Debug|Any CPU
		{9EC7E979-E0BB-42D2-8B12-391CF2D3DCC5}.Debug|Any CPU.Build.0 = Debug|Any CPU
		{9EC7E979-E0BB-42D2-8B12-391CF2D3DCC5}.Release|Any CPU.ActiveCfg = Release|Any CPU
		{9EC7E979-E0BB-42D2-8B12-391CF2D3DCC5}.Release|Any CPU.Build.0 = Release|Any CPU
		{1AB6C911-0196-4ECF-827A-7D151441340E}.Debug|Any CPU.ActiveCfg = Debug|Any CPU
		{1AB6C911-0196-4ECF-827A-7D151441340E}.Debug|Any CPU.Build.0 = Debug|Any CPU
		{1AB6C911-0196-4ECF-827A-7D151441340E}.Release|Any CPU.ActiveCfg = Release|Any CPU
		{1AB6C911-0196-4ECF-827A-7D151441340E}.Release|Any CPU.Build.0 = Release|Any CPU
	EndGlobalSection
	GlobalSection(SolutionProperties) = preSolution
		HideSolutionNode = FALSE
	EndGlobalSection
EndGlobal
